// !$*UTF8*$!
{
	archiveVersion = 1;
	classes = {
	};
	objectVersion = 50;
	objects = {

/* Begin PBXBuildFile section */
		4C72C61225697498000AA857 /* LWWElementDictionary.h in Headers */ = {isa = PBXBuildFile; fileRef = 4C72C61025697498000AA857 /* LWWElementDictionary.h */; settings = {ATTRIBUTES = (Public, ); }; };
		4C72C618256974A3000AA857 /* LWWElementDictionary.swift in Sources */ = {isa = PBXBuildFile; fileRef = 4C94948925695F7700202B54 /* LWWElementDictionary.swift */; };
		4C72C62B2569750C000AA857 /* LWWElementDictionaryTests.swift in Sources */ = {isa = PBXBuildFile; fileRef = 4C72C62A2569750C000AA857 /* LWWElementDictionaryTests.swift */; };
		4C72C62D2569750C000AA857 /* LWWElementDictionary.framework in Frameworks */ = {isa = PBXBuildFile; fileRef = 4C72C60E25697498000AA857 /* LWWElementDictionary.framework */; };
/* End PBXBuildFile section */

/* Begin PBXContainerItemProxy section */
		4C72C62E2569750C000AA857 /* PBXContainerItemProxy */ = {
			isa = PBXContainerItemProxy;
			containerPortal = 4C94947425695F1A00202B54 /* Project object */;
			proxyType = 1;
			remoteGlobalIDString = 4C72C60D25697498000AA857;
			remoteInfo = LWWElementDictionary;
		};
/* End PBXContainerItemProxy section */

/* Begin PBXFileReference section */
		4C72C60E25697498000AA857 /* LWWElementDictionary.framework */ = {isa = PBXFileReference; explicitFileType = wrapper.framework; includeInIndex = 0; path = LWWElementDictionary.framework; sourceTree = BUILT_PRODUCTS_DIR; };
		4C72C61025697498000AA857 /* LWWElementDictionary.h */ = {isa = PBXFileReference; lastKnownFileType = sourcecode.c.h; path = LWWElementDictionary.h; sourceTree = "<group>"; };
		4C72C61125697498000AA857 /* Info.plist */ = {isa = PBXFileReference; lastKnownFileType = text.plist.xml; path = Info.plist; sourceTree = "<group>"; };
		4C72C6282569750C000AA857 /* LWWElementDictionaryTests.xctest */ = {isa = PBXFileReference; explicitFileType = wrapper.cfbundle; includeInIndex = 0; path = LWWElementDictionaryTests.xctest; sourceTree = BUILT_PRODUCTS_DIR; };
		4C72C62A2569750C000AA857 /* LWWElementDictionaryTests.swift */ = {isa = PBXFileReference; lastKnownFileType = sourcecode.swift; path = LWWElementDictionaryTests.swift; sourceTree = "<group>"; };
		4C72C62C2569750C000AA857 /* Info.plist */ = {isa = PBXFileReference; lastKnownFileType = text.plist.xml; path = Info.plist; sourceTree = "<group>"; };
		4C94948925695F7700202B54 /* LWWElementDictionary.swift */ = {isa = PBXFileReference; lastKnownFileType = sourcecode.swift; path = LWWElementDictionary.swift; sourceTree = "<group>"; };
/* End PBXFileReference section */

/* Begin PBXFrameworksBuildPhase section */
		4C72C60B25697498000AA857 /* Frameworks */ = {
			isa = PBXFrameworksBuildPhase;
			buildActionMask = 2147483647;
			files = (
			);
			runOnlyForDeploymentPostprocessing = 0;
		};
		4C72C6252569750C000AA857 /* Frameworks */ = {
			isa = PBXFrameworksBuildPhase;
			buildActionMask = 2147483647;
			files = (
				4C72C62D2569750C000AA857 /* LWWElementDictionary.framework in Frameworks */,
			);
			runOnlyForDeploymentPostprocessing = 0;
		};
/* End PBXFrameworksBuildPhase section */

/* Begin PBXGroup section */
		4C72C60F25697498000AA857 /* Framework */ = {
			isa = PBXGroup;
			children = (
				4C72C61025697498000AA857 /* LWWElementDictionary.h */,
				4C72C61125697498000AA857 /* Info.plist */,
			);
			path = Framework;
			sourceTree = "<group>";
		};
		4C72C6292569750C000AA857 /* Tests */ = {
			isa = PBXGroup;
			children = (
				4C72C62A2569750C000AA857 /* LWWElementDictionaryTests.swift */,
				4C72C62C2569750C000AA857 /* Info.plist */,
			);
			path = Tests;
			sourceTree = "<group>";
		};
		4C94947325695F1A00202B54 = {
			isa = PBXGroup;
			children = (
				4C94947E25695F1A00202B54 /* Code */,
				4C72C6292569750C000AA857 /* Tests */,
				4C72C60F25697498000AA857 /* Framework */,
				4C94947D25695F1A00202B54 /* Products */,
			);
			sourceTree = "<group>";
		};
		4C94947D25695F1A00202B54 /* Products */ = {
			isa = PBXGroup;
			children = (
				4C72C60E25697498000AA857 /* LWWElementDictionary.framework */,
				4C72C6282569750C000AA857 /* LWWElementDictionaryTests.xctest */,
			);
			name = Products;
			sourceTree = "<group>";
		};
		4C94947E25695F1A00202B54 /* Code */ = {
			isa = PBXGroup;
			children = (
				4C94948825695F3D00202B54 /* LWWElementDictionary */,
			);
			path = Code;
			sourceTree = "<group>";
		};
		4C94948825695F3D00202B54 /* LWWElementDictionary */ = {
			isa = PBXGroup;
			children = (
				4C94948925695F7700202B54 /* LWWElementDictionary.swift */,
			);
			path = LWWElementDictionary;
			sourceTree = "<group>";
		};
/* End PBXGroup section */

/* Begin PBXHeadersBuildPhase section */
		4C72C60925697498000AA857 /* Headers */ = {
			isa = PBXHeadersBuildPhase;
			buildActionMask = 2147483647;
			files = (
				4C72C61225697498000AA857 /* LWWElementDictionary.h in Headers */,
			);
			runOnlyForDeploymentPostprocessing = 0;
		};
/* End PBXHeadersBuildPhase section */

/* Begin PBXNativeTarget section */
		4C72C60D25697498000AA857 /* LWWElementDictionary */ = {
			isa = PBXNativeTarget;
			buildConfigurationList = 4C72C61325697498000AA857 /* Build configuration list for PBXNativeTarget "LWWElementDictionary" */;
			buildPhases = (
				4C72C60925697498000AA857 /* Headers */,
				4C72C60A25697498000AA857 /* Sources */,
				4C72C60B25697498000AA857 /* Frameworks */,
				4C72C60C25697498000AA857 /* Resources */,
			);
			buildRules = (
			);
			dependencies = (
			);
			name = LWWElementDictionary;
			productName = LWWElementDictionary;
			productReference = 4C72C60E25697498000AA857 /* LWWElementDictionary.framework */;
			productType = "com.apple.product-type.framework";
		};
		4C72C6272569750C000AA857 /* LWWElementDictionaryTests */ = {
			isa = PBXNativeTarget;
			buildConfigurationList = 4C72C6302569750C000AA857 /* Build configuration list for PBXNativeTarget "LWWElementDictionaryTests" */;
			buildPhases = (
				4C72C6242569750C000AA857 /* Sources */,
				4C72C6252569750C000AA857 /* Frameworks */,
				4C72C6262569750C000AA857 /* Resources */,
			);
			buildRules = (
			);
			dependencies = (
				4C72C62F2569750C000AA857 /* PBXTargetDependency */,
			);
			name = LWWElementDictionaryTests;
			productName = LWWElementDictionaryTests;
			productReference = 4C72C6282569750C000AA857 /* LWWElementDictionaryTests.xctest */;
			productType = "com.apple.product-type.bundle.unit-test";
		};
/* End PBXNativeTarget section */

/* Begin PBXProject section */
		4C94947425695F1A00202B54 /* Project object */ = {
			isa = PBXProject;
			attributes = {
				LastSwiftUpdateCheck = 1220;
				LastUpgradeCheck = 1220;
				TargetAttributes = {
					4C72C60D25697498000AA857 = {
						CreatedOnToolsVersion = 12.2;
					};
					4C72C6272569750C000AA857 = {
						CreatedOnToolsVersion = 12.2;
					};
				};
			};
			buildConfigurationList = 4C94947725695F1A00202B54 /* Build configuration list for PBXProject "LWW-Element-Dictionary" */;
			compatibilityVersion = "Xcode 9.3";
			developmentRegion = en;
			hasScannedForEncodings = 0;
			knownRegions = (
				en,
				Base,
			);
			mainGroup = 4C94947325695F1A00202B54;
			productRefGroup = 4C94947D25695F1A00202B54 /* Products */;
			projectDirPath = "";
			projectRoot = "";
			targets = (
				4C72C60D25697498000AA857 /* LWWElementDictionary */,
				4C72C6272569750C000AA857 /* LWWElementDictionaryTests */,
			);
		};
/* End PBXProject section */

/* Begin PBXResourcesBuildPhase section */
		4C72C60C25697498000AA857 /* Resources */ = {
			isa = PBXResourcesBuildPhase;
			buildActionMask = 2147483647;
			files = (
			);
			runOnlyForDeploymentPostprocessing = 0;
		};
		4C72C6262569750C000AA857 /* Resources */ = {
			isa = PBXResourcesBuildPhase;
			buildActionMask = 2147483647;
			files = (
			);
			runOnlyForDeploymentPostprocessing = 0;
		};
/* End PBXResourcesBuildPhase section */

/* Begin PBXSourcesBuildPhase section */
		4C72C60A25697498000AA857 /* Sources */ = {
			isa = PBXSourcesBuildPhase;
			buildActionMask = 2147483647;
			files = (
				4C72C618256974A3000AA857 /* LWWElementDictionary.swift in Sources */,
			);
			runOnlyForDeploymentPostprocessing = 0;
		};
		4C72C6242569750C000AA857 /* Sources */ = {
			isa = PBXSourcesBuildPhase;
			buildActionMask = 2147483647;
			files = (
				4C72C62B2569750C000AA857 /* LWWElementDictionaryTests.swift in Sources */,
			);
			runOnlyForDeploymentPostprocessing = 0;
		};
/* End PBXSourcesBuildPhase section */

/* Begin PBXTargetDependency section */
		4C72C62F2569750C000AA857 /* PBXTargetDependency */ = {
			isa = PBXTargetDependency;
			target = 4C72C60D25697498000AA857 /* LWWElementDictionary */;
			targetProxy = 4C72C62E2569750C000AA857 /* PBXContainerItemProxy */;
		};
/* End PBXTargetDependency section */

/* Begin XCBuildConfiguration section */
		4C72C61425697498000AA857 /* Debug */ = {
			isa = XCBuildConfiguration;
			buildSettings = {
				CODE_SIGN_STYLE = Automatic;
				COMBINE_HIDPI_IMAGES = YES;
				CURRENT_PROJECT_VERSION = 1;
				DEFINES_MODULE = YES;
				DEVELOPMENT_TEAM = "";
				DYLIB_COMPATIBILITY_VERSION = 1;
				DYLIB_CURRENT_VERSION = 1;
				DYLIB_INSTALL_NAME_BASE = "@rpath";
				INFOPLIST_FILE = Framework/Info.plist;
				INSTALL_PATH = "$(LOCAL_LIBRARY_DIR)/Frameworks";
				LD_RUNPATH_SEARCH_PATHS = (
					"$(inherited)",
					"@executable_path/../Frameworks",
					"@loader_path/Frameworks",
				);
				PRODUCT_BUNDLE_IDENTIFIER = io.cleanbit.LWWElementDictionary;
				PRODUCT_NAME = "$(TARGET_NAME:c99extidentifier)";
				SKIP_INSTALL = YES;
				SWIFT_VERSION = 5.0;
				VERSIONING_SYSTEM = "apple-generic";
				VERSION_INFO_PREFIX = "";
			};
			name = Debug;
		};
		4C72C61525697498000AA857 /* Release */ = {
			isa = XCBuildConfiguration;
			buildSettings = {
				CODE_SIGN_STYLE = Automatic;
				COMBINE_HIDPI_IMAGES = YES;
				CURRENT_PROJECT_VERSION = 1;
				DEFINES_MODULE = YES;
				DEVELOPMENT_TEAM = "";
				DYLIB_COMPATIBILITY_VERSION = 1;
				DYLIB_CURRENT_VERSION = 1;
				DYLIB_INSTALL_NAME_BASE = "@rpath";
				INFOPLIST_FILE = Framework/Info.plist;
				INSTALL_PATH = "$(LOCAL_LIBRARY_DIR)/Frameworks";
				LD_RUNPATH_SEARCH_PATHS = (
					"$(inherited)",
					"@executable_path/../Frameworks",
					"@loader_path/Frameworks",
				);
				PRODUCT_BUNDLE_IDENTIFIER = io.cleanbit.LWWElementDictionary;
				PRODUCT_NAME = "$(TARGET_NAME:c99extidentifier)";
				SKIP_INSTALL = YES;
				SWIFT_VERSION = 5.0;
				VERSIONING_SYSTEM = "apple-generic";
				VERSION_INFO_PREFIX = "";
			};
			name = Release;
		};
		4C72C6312569750C000AA857 /* Debug */ = {
			isa = XCBuildConfiguration;
			buildSettings = {
				CODE_SIGN_STYLE = Automatic;
				COMBINE_HIDPI_IMAGES = YES;
				DEVELOPMENT_TEAM = ZMVA88A2Z4;
				INFOPLIST_FILE = Tests/Info.plist;
				LD_RUNPATH_SEARCH_PATHS = (
					"$(inherited)",
					"@executable_path/../Frameworks",
					"@loader_path/../Frameworks",
				);
				PRODUCT_BUNDLE_IDENTIFIER = io.cleanbit.LWWElementDictionaryTests;
				PRODUCT_NAME = "$(TARGET_NAME)";
				SWIFT_VERSION = 5.0;
			};
			name = Debug;
		};
		4C72C6322569750C000AA857 /* Release */ = {
			isa = XCBuildConfiguration;
			buildSettings = {
				CODE_SIGN_STYLE = Automatic;
				COMBINE_HIDPI_IMAGES = YES;
				DEVELOPMENT_TEAM = ZMVA88A2Z4;
				INFOPLIST_FILE = Tests/Info.plist;
				LD_RUNPATH_SEARCH_PATHS = (
					"$(inherited)",
					"@executable_path/../Frameworks",
					"@loader_path/../Frameworks",
				);
				PRODUCT_BUNDLE_IDENTIFIER = io.cleanbit.LWWElementDictionaryTests;
				PRODUCT_NAME = "$(TARGET_NAME)";
				SWIFT_VERSION = 5.0;
			};
			name = Release;
		};
		4C94948125695F1A00202B54 /* Debug */ = {
			isa = XCBuildConfiguration;
			buildSettings = {
				ALWAYS_SEARCH_USER_PATHS = NO;
				CLANG_ANALYZER_NONNULL = YES;
				CLANG_ANALYZER_NUMBER_OBJECT_CONVERSION = YES_AGGRESSIVE;
				CLANG_CXX_LANGUAGE_STANDARD = "gnu++14";
				CLANG_CXX_LIBRARY = "libc++";
				CLANG_ENABLE_MODULES = YES;
				CLANG_ENABLE_OBJC_ARC = YES;
				CLANG_ENABLE_OBJC_WEAK = YES;
				CLANG_WARN_BLOCK_CAPTURE_AUTORELEASING = YES;
				CLANG_WARN_BOOL_CONVERSION = YES;
				CLANG_WARN_COMMA = YES;
				CLANG_WARN_CONSTANT_CONVERSION = YES;
				CLANG_WARN_DEPRECATED_OBJC_IMPLEMENTATIONS = YES;
				CLANG_WARN_DIRECT_OBJC_ISA_USAGE = YES_ERROR;
				CLANG_WARN_DOCUMENTATION_COMMENTS = YES;
				CLANG_WARN_EMPTY_BODY = YES;
				CLANG_WARN_ENUM_CONVERSION = YES;
				CLANG_WARN_INFINITE_RECURSION = YES;
				CLANG_WARN_INT_CONVERSION = YES;
				CLANG_WARN_NON_LITERAL_NULL_CONVERSION = YES;
				CLANG_WARN_OBJC_IMPLICIT_RETAIN_SELF = YES;
				CLANG_WARN_OBJC_LITERAL_CONVERSION = YES;
				CLANG_WARN_OBJC_ROOT_CLASS = YES_ERROR;
				CLANG_WARN_QUOTED_INCLUDE_IN_FRAMEWORK_HEADER = YES;
				CLANG_WARN_RANGE_LOOP_ANALYSIS = YES;
				CLANG_WARN_STRICT_PROTOTYPES = YES;
				CLANG_WARN_SUSPICIOUS_MOVE = YES;
				CLANG_WARN_UNGUARDED_AVAILABILITY = YES_AGGRESSIVE;
				CLANG_WARN_UNREACHABLE_CODE = YES;
				CLANG_WARN__DUPLICATE_METHOD_MATCH = YES;
				COPY_PHASE_STRIP = NO;
				DEBUG_INFORMATION_FORMAT = dwarf;
				ENABLE_STRICT_OBJC_MSGSEND = YES;
				ENABLE_TESTABILITY = YES;
				GCC_C_LANGUAGE_STANDARD = gnu11;
				GCC_DYNAMIC_NO_PIC = NO;
				GCC_NO_COMMON_BLOCKS = YES;
				GCC_OPTIMIZATION_LEVEL = 0;
				GCC_PREPROCESSOR_DEFINITIONS = (
					"DEBUG=1",
					"$(inherited)",
				);
				GCC_WARN_64_TO_32_BIT_CONVERSION = YES;
				GCC_WARN_ABOUT_RETURN_TYPE = YES_ERROR;
				GCC_WARN_UNDECLARED_SELECTOR = YES;
				GCC_WARN_UNINITIALIZED_AUTOS = YES_AGGRESSIVE;
				GCC_WARN_UNUSED_FUNCTION = YES;
				GCC_WARN_UNUSED_VARIABLE = YES;
				MACOSX_DEPLOYMENT_TARGET = 11.0;
				MTL_ENABLE_DEBUG_INFO = INCLUDE_SOURCE;
				MTL_FAST_MATH = YES;
				ONLY_ACTIVE_ARCH = YES;
				SDKROOT = macosx;
				SWIFT_ACTIVE_COMPILATION_CONDITIONS = DEBUG;
				SWIFT_OPTIMIZATION_LEVEL = "-Onone";
			};
			name = Debug;
		};
		4C94948225695F1A00202B54 /* Release */ = {
			isa = XCBuildConfiguration;
			buildSettings = {
				ALWAYS_SEARCH_USER_PATHS = NO;
				CLANG_ANALYZER_NONNULL = YES;
				CLANG_ANALYZER_NUMBER_OBJECT_CONVERSION = YES_AGGRESSIVE;
				CLANG_CXX_LANGUAGE_STANDARD = "gnu++14";
				CLANG_CXX_LIBRARY = "libc++";
				CLANG_ENABLE_MODULES = YES;
				CLANG_ENABLE_OBJC_ARC = YES;
				CLANG_ENABLE_OBJC_WEAK = YES;
				CLANG_WARN_BLOCK_CAPTURE_AUTORELEASING = YES;
				CLANG_WARN_BOOL_CONVERSION = YES;
				CLANG_WARN_COMMA = YES;
				CLANG_WARN_CONSTANT_CONVERSION = YES;
				CLANG_WARN_DEPRECATED_OBJC_IMPLEMENTATIONS = YES;
				CLANG_WARN_DIRECT_OBJC_ISA_USAGE = YES_ERROR;
				CLANG_WARN_DOCUMENTATION_COMMENTS = YES;
				CLANG_WARN_EMPTY_BODY = YES;
				CLANG_WARN_ENUM_CONVERSION = YES;
				CLANG_WARN_INFINITE_RECURSION = YES;
				CLANG_WARN_INT_CONVERSION = YES;
				CLANG_WARN_NON_LITERAL_NULL_CONVERSION = YES;
				CLANG_WARN_OBJC_IMPLICIT_RETAIN_SELF = YES;
				CLANG_WARN_OBJC_LITERAL_CONVERSION = YES;
				CLANG_WARN_OBJC_ROOT_CLASS = YES_ERROR;
				CLANG_WARN_QUOTED_INCLUDE_IN_FRAMEWORK_HEADER = YES;
				CLANG_WARN_RANGE_LOOP_ANALYSIS = YES;
				CLANG_WARN_STRICT_PROTOTYPES = YES;
				CLANG_WARN_SUSPICIOUS_MOVE = YES;
				CLANG_WARN_UNGUARDED_AVAILABILITY = YES_AGGRESSIVE;
				CLANG_WARN_UNREACHABLE_CODE = YES;
				CLANG_WARN__DUPLICATE_METHOD_MATCH = YES;
				COPY_PHASE_STRIP = NO;
				DEBUG_INFORMATION_FORMAT = "dwarf-with-dsym";
				ENABLE_NS_ASSERTIONS = NO;
				ENABLE_STRICT_OBJC_MSGSEND = YES;
				GCC_C_LANGUAGE_STANDARD = gnu11;
				GCC_NO_COMMON_BLOCKS = YES;
				GCC_WARN_64_TO_32_BIT_CONVERSION = YES;
				GCC_WARN_ABOUT_RETURN_TYPE = YES_ERROR;
				GCC_WARN_UNDECLARED_SELECTOR = YES;
				GCC_WARN_UNINITIALIZED_AUTOS = YES_AGGRESSIVE;
				GCC_WARN_UNUSED_FUNCTION = YES;
				GCC_WARN_UNUSED_VARIABLE = YES;
				MACOSX_DEPLOYMENT_TARGET = 11.0;
				MTL_ENABLE_DEBUG_INFO = NO;
				MTL_FAST_MATH = YES;
				SDKROOT = macosx;
				SWIFT_COMPILATION_MODE = wholemodule;
				SWIFT_OPTIMIZATION_LEVEL = "-O";
			};
			name = Release;
		};
/* End XCBuildConfiguration section */

/* Begin XCConfigurationList section */
		4C72C61325697498000AA857 /* Build configuration list for PBXNativeTarget "LWWElementDictionary" */ = {
			isa = XCConfigurationList;
			buildConfigurations = (
				4C72C61425697498000AA857 /* Debug */,
				4C72C61525697498000AA857 /* Release */,
			);
			defaultConfigurationIsVisible = 0;
			defaultConfigurationName = Release;
		};
		4C72C6302569750C000AA857 /* Build configuration list for PBXNativeTarget "LWWElementDictionaryTests" */ = {
			isa = XCConfigurationList;
			buildConfigurations = (
				4C72C6312569750C000AA857 /* Debug */,
				4C72C6322569750C000AA857 /* Release */,
			);
			defaultConfigurationIsVisible = 0;
			defaultConfigurationName = Release;
		};
		4C94947725695F1A00202B54 /* Build configuration list for PBXProject "LWW-Element-Dictionary" */ = {
			isa = XCConfigurationList;
			buildConfigurations = (
				4C94948125695F1A00202B54 /* Debug */,
				4C94948225695F1A00202B54 /* Release */,
			);
			defaultConfigurationIsVisible = 0;
			defaultConfigurationName = Release;
		};
/* End XCConfigurationList section */
	};
	rootObject = 4C94947425695F1A00202B54 /* Project object */;
}
